// !$*UTF8*$!
{
	archiveVersion = 1;
	classes = {
	};
	objectVersion = 48;
	objects = {

/* Begin PBXBuildFile section */
		A186989A1F5966D30008EA83 /* AppDelegate.swift in Sources */ = {isa = PBXBuildFile; fileRef = A18698991F5966D30008EA83 /* AppDelegate.swift */; };
		A186989C1F5966D30008EA83 /* HomeVC.swift in Sources */ = {isa = PBXBuildFile; fileRef = A186989B1F5966D30008EA83 /* HomeVC.swift */; };
		A186989F1F5966D30008EA83 /* Main.storyboard in Resources */ = {isa = PBXBuildFile; fileRef = A186989D1F5966D30008EA83 /* Main.storyboard */; };
		A18698A11F5966D30008EA83 /* Assets.xcassets in Resources */ = {isa = PBXBuildFile; fileRef = A18698A01F5966D30008EA83 /* Assets.xcassets */; };
		A18698A41F5966D30008EA83 /* LaunchScreen.storyboard in Resources */ = {isa = PBXBuildFile; fileRef = A18698A21F5966D30008EA83 /* LaunchScreen.storyboard */; };
		A18698AD1F5967150008EA83 /* StoreKit.framework in Frameworks */ = {isa = PBXBuildFile; fileRef = A18698AC1F5967150008EA83 /* StoreKit.framework */; };
		A18698AF1F5968820008EA83 /* GoogleMobileAds.framework in Frameworks */ = {isa = PBXBuildFile; fileRef = A18698AE1F5968800008EA83 /* GoogleMobileAds.framework */; };
		A18698B31F596ECF0008EA83 /* PurchaseManager.swift in Sources */ = {isa = PBXBuildFile; fileRef = A18698B21F596ECF0008EA83 /* PurchaseManager.swift */; };
/* End PBXBuildFile section */

/* Begin PBXFileReference section */
		A18698961F5966D30008EA83 /* daily-dose.app */ = {isa = PBXFileReference; explicitFileType = wrapper.application; includeInIndex = 0; path = "daily-dose.app"; sourceTree = BUILT_PRODUCTS_DIR; };
		A18698991F5966D30008EA83 /* AppDelegate.swift */ = {isa = PBXFileReference; lastKnownFileType = sourcecode.swift; path = AppDelegate.swift; sourceTree = "<group>"; };
		A186989B1F5966D30008EA83 /* HomeVC.swift */ = {isa = PBXFileReference; lastKnownFileType = sourcecode.swift; path = HomeVC.swift; sourceTree = "<group>"; };
		A186989E1F5966D30008EA83 /* Base */ = {isa = PBXFileReference; lastKnownFileType = file.storyboard; name = Base; path = Base.lproj/Main.storyboard; sourceTree = "<group>"; };
		A18698A01F5966D30008EA83 /* Assets.xcassets */ = {isa = PBXFileReference; lastKnownFileType = folder.assetcatalog; path = Assets.xcassets; sourceTree = "<group>"; };
		A18698A31F5966D30008EA83 /* Base */ = {isa = PBXFileReference; lastKnownFileType = file.storyboard; name = Base; path = Base.lproj/LaunchScreen.storyboard; sourceTree = "<group>"; };
		A18698A51F5966D30008EA83 /* Info.plist */ = {isa = PBXFileReference; lastKnownFileType = text.plist.xml; path = Info.plist; sourceTree = "<group>"; };
		A18698AC1F5967150008EA83 /* StoreKit.framework */ = {isa = PBXFileReference; lastKnownFileType = wrapper.framework; name = StoreKit.framework; path = System/Library/Frameworks/StoreKit.framework; sourceTree = SDKROOT; };
		A18698AE1F5968800008EA83 /* GoogleMobileAds.framework */ = {isa = PBXFileReference; lastKnownFileType = wrapper.framework; path = GoogleMobileAds.framework; sourceTree = "<group>"; };
		A18698B21F596ECF0008EA83 /* PurchaseManager.swift */ = {isa = PBXFileReference; lastKnownFileType = sourcecode.swift; path = PurchaseManager.swift; sourceTree = "<group>"; };
/* End PBXFileReference section */

/* Begin PBXFrameworksBuildPhase section */
		A18698931F5966D30008EA83 /* Frameworks */ = {
			isa = PBXFrameworksBuildPhase;
			buildActionMask = 2147483647;
			files = (
				A18698AF1F5968820008EA83 /* GoogleMobileAds.framework in Frameworks */,
				A18698AD1F5967150008EA83 /* StoreKit.framework in Frameworks */,
			);
			runOnlyForDeploymentPostprocessing = 0;
		};
/* End PBXFrameworksBuildPhase section */

/* Begin PBXGroup section */
		A186988D1F5966D30008EA83 = {
			isa = PBXGroup;
			children = (
				A18698981F5966D30008EA83 /* daily-dose */,
				A18698971F5966D30008EA83 /* Products */,
				A18698AB1F5967150008EA83 /* Frameworks */,
			);
			sourceTree = "<group>";
		};
		A18698971F5966D30008EA83 /* Products */ = {
			isa = PBXGroup;
			children = (
				A18698961F5966D30008EA83 /* daily-dose.app */,
			);
			name = Products;
			sourceTree = "<group>";
		};
		A18698981F5966D30008EA83 /* daily-dose */ = {
			isa = PBXGroup;
			children = (
				A18698B11F596EBC0008EA83 /* Services */,
				A18698B01F596EA10008EA83 /* Controller */,
				A18698991F5966D30008EA83 /* AppDelegate.swift */,
				A186989D1F5966D30008EA83 /* Main.storyboard */,
				A18698A01F5966D30008EA83 /* Assets.xcassets */,
				A18698A21F5966D30008EA83 /* LaunchScreen.storyboard */,
				A18698A51F5966D30008EA83 /* Info.plist */,
			);
			path = "daily-dose";
			sourceTree = "<group>";
		};
		A18698AB1F5967150008EA83 /* Frameworks */ = {
			isa = PBXGroup;
			children = (
				A18698AE1F5968800008EA83 /* GoogleMobileAds.framework */,
				A18698AC1F5967150008EA83 /* StoreKit.framework */,
			);
			name = Frameworks;
			sourceTree = "<group>";
		};
		A18698B01F596EA10008EA83 /* Controller */ = {
			isa = PBXGroup;
			children = (
				A186989B1F5966D30008EA83 /* HomeVC.swift */,
			);
			path = Controller;
			sourceTree = "<group>";
		};
		A18698B11F596EBC0008EA83 /* Services */ = {
			isa = PBXGroup;
			children = (
				A18698B21F596ECF0008EA83 /* PurchaseManager.swift */,
			);
			path = Services;
			sourceTree = "<group>";
		};
/* End PBXGroup section */

/* Begin PBXNativeTarget section */
		A18698951F5966D30008EA83 /* daily-dose */ = {
			isa = PBXNativeTarget;
			buildConfigurationList = A18698A81F5966D30008EA83 /* Build configuration list for PBXNativeTarget "daily-dose" */;
			buildPhases = (
				A18698921F5966D30008EA83 /* Sources */,
				A18698931F5966D30008EA83 /* Frameworks */,
				A18698941F5966D30008EA83 /* Resources */,
			);
			buildRules = (
			);
			dependencies = (
			);
			name = "daily-dose";
			productName = "daily-dose";
			productReference = A18698961F5966D30008EA83 /* daily-dose.app */;
			productType = "com.apple.product-type.application";
		};
/* End PBXNativeTarget section */

/* Begin PBXProject section */
		A186988E1F5966D30008EA83 /* Project object */ = {
			isa = PBXProject;
			attributes = {
				LastSwiftUpdateCheck = 0900;
				LastUpgradeCheck = 0900;
				ORGANIZATIONNAME = "Andrew Greenough";
				TargetAttributes = {
					A18698951F5966D30008EA83 = {
						CreatedOnToolsVersion = 9.0;
						ProvisioningStyle = Automatic;
						SystemCapabilities = {
							com.apple.InAppPurchase = {
								enabled = 1;
							};
						};
					};
				};
			};
			buildConfigurationList = A18698911F5966D30008EA83 /* Build configuration list for PBXProject "daily-dose" */;
			compatibilityVersion = "Xcode 8.0";
			developmentRegion = en;
			hasScannedForEncodings = 0;
			knownRegions = (
				en,
				Base,
			);
			mainGroup = A186988D1F5966D30008EA83;
			productRefGroup = A18698971F5966D30008EA83 /* Products */;
			projectDirPath = "";
			projectRoot = "";
			targets = (
				A18698951F5966D30008EA83 /* daily-dose */,
			);
		};
/* End PBXProject section */

/* Begin PBXResourcesBuildPhase section */
		A18698941F5966D30008EA83 /* Resources */ = {
			isa = PBXResourcesBuildPhase;
			buildActionMask = 2147483647;
			files = (
				A18698A41F5966D30008EA83 /* LaunchScreen.storyboard in Resources */,
				A18698A11F5966D30008EA83 /* Assets.xcassets in Resources */,
				A186989F1F5966D30008EA83 /* Main.storyboard in Resources */,
			);
			runOnlyForDeploymentPostprocessing = 0;
		};
/* End PBXResourcesBuildPhase section */

/* Begin PBXSourcesBuildPhase section */
		A18698921F5966D30008EA83 /* Sources */ = {
			isa = PBXSourcesBuildPhase;
			buildActionMask = 2147483647;
			files = (
				A186989C1F5966D30008EA83 /* HomeVC.swift in Sources */,
				A18698B31F596ECF0008EA83 /* PurchaseManager.swift in Sources */,
				A186989A1F5966D30008EA83 /* AppDelegate.swift in Sources */,
			);
			runOnlyForDeploymentPostprocessing = 0;
		};
/* End PBXSourcesBuildPhase section */

/* Begin PBXVariantGroup section */
		A186989D1F5966D30008EA83 /* Main.storyboard */ = {
			isa = PBXVariantGroup;
			children = (
				A186989E1F5966D30008EA83 /* Base */,
			);
			name = Main.storyboard;
			sourceTree = "<group>";
		};
		A18698A21F5966D30008EA83 /* LaunchScreen.storyboard */ = {
			isa = PBXVariantGroup;
			children = (
				A18698A31F5966D30008EA83 /* Base */,
			);
			name = LaunchScreen.storyboard;
			sourceTree = "<group>";
		};
/* End PBXVariantGroup section */

/* Begin XCBuildConfiguration section */
		A18698A61F5966D30008EA83 /* Debug */ = {
			isa = XCBuildConfiguration;
			buildSettings = {
				ALWAYS_SEARCH_USER_PATHS = NO;
				CLANG_ANALYZER_NONNULL = YES;
				CLANG_ANALYZER_NUMBER_OBJECT_CONVERSION = YES_AGGRESSIVE;
				CLANG_CXX_LANGUAGE_STANDARD = "gnu++14";
				CLANG_CXX_LIBRARY = "libc++";
				CLANG_ENABLE_MODULES = YES;
				CLANG_ENABLE_OBJC_ARC = YES;
				CLANG_WARN_BLOCK_CAPTURE_AUTORELEASING = YES;
				CLANG_WARN_BOOL_CONVERSION = YES;
				CLANG_WARN_COMMA = YES;
				CLANG_WARN_CONSTANT_CONVERSION = YES;
				CLANG_WARN_DIRECT_OBJC_ISA_USAGE = YES_ERROR;
				CLANG_WARN_DOCUMENTATION_COMMENTS = YES;
				CLANG_WARN_EMPTY_BODY = YES;
				CLANG_WARN_ENUM_CONVERSION = YES;
				CLANG_WARN_INFINITE_RECURSION = YES;
				CLANG_WARN_INT_CONVERSION = YES;
				CLANG_WARN_NON_LITERAL_NULL_CONVERSION = YES;
				CLANG_WARN_OBJC_LITERAL_CONVERSION = YES;
				CLANG_WARN_OBJC_ROOT_CLASS = YES_ERROR;
				CLANG_WARN_RANGE_LOOP_ANALYSIS = YES;
				CLANG_WARN_STRICT_PROTOTYPES = YES;
				CLANG_WARN_SUSPICIOUS_MOVE = YES;
				CLANG_WARN_UNGUARDED_AVAILABILITY = YES_AGGRESSIVE;
				CLANG_WARN_UNREACHABLE_CODE = YES;
				CLANG_WARN__DUPLICATE_METHOD_MATCH = YES;
				CODE_SIGN_IDENTITY = "iPhone Developer";
				COPY_PHASE_STRIP = NO;
				DEBUG_INFORMATION_FORMAT = dwarf;
				ENABLE_STRICT_OBJC_MSGSEND = YES;
				ENABLE_TESTABILITY = YES;
				GCC_C_LANGUAGE_STANDARD = gnu11;
				GCC_DYNAMIC_NO_PIC = NO;
				GCC_NO_COMMON_BLOCKS = YES;
				GCC_OPTIMIZATION_LEVEL = 0;
				GCC_PREPROCESSOR_DEFINITIONS = (
					"DEBUG=1",
					"$(inherited)",
				);
				GCC_WARN_64_TO_32_BIT_CONVERSION = YES;
				GCC_WARN_ABOUT_RETURN_TYPE = YES_ERROR;
				GCC_WARN_UNDECLARED_SELECTOR = YES;
				GCC_WARN_UNINITIALIZED_AUTOS = YES_AGGRESSIVE;
				GCC_WARN_UNUSED_FUNCTION = YES;
				GCC_WARN_UNUSED_VARIABLE = YES;
				IPHONEOS_DEPLOYMENT_TARGET = 11.0;
				MTL_ENABLE_DEBUG_INFO = YES;
				ONLY_ACTIVE_ARCH = YES;
				SDKROOT = iphoneos;
				SWIFT_ACTIVE_COMPILATION_CONDITIONS = DEBUG;
				SWIFT_OPTIMIZATION_LEVEL = "-Onone";
			};
			name = Debug;
		};
		A18698A71F5966D30008EA83 /* Release */ = {
			isa = XCBuildConfiguration;
			buildSettings = {
				ALWAYS_SEARCH_USER_PATHS = NO;
				CLANG_ANALYZER_NONNULL = YES;
				CLANG_ANALYZER_NUMBER_OBJECT_CONVERSION = YES_AGGRESSIVE;
				CLANG_CXX_LANGUAGE_STANDARD = "gnu++14";
				CLANG_CXX_LIBRARY = "libc++";
				CLANG_ENABLE_MODULES = YES;
				CLANG_ENABLE_OBJC_ARC = YES;
				CLANG_WARN_BLOCK_CAPTURE_AUTORELEASING = YES;
				CLANG_WARN_BOOL_CONVERSION = YES;
				CLANG_WARN_COMMA = YES;
				CLANG_WARN_CONSTANT_CONVERSION = YES;
				CLANG_WARN_DIRECT_OBJC_ISA_USAGE = YES_ERROR;
				CLANG_WARN_DOCUMENTATION_COMMENTS = YES;
				CLANG_WARN_EMPTY_BODY = YES;
				CLANG_WARN_ENUM_CONVERSION = YES;
				CLANG_WARN_INFINITE_RECURSION = YES;
				CLANG_WARN_INT_CONVERSION = YES;
				CLANG_WARN_NON_LITERAL_NULL_CONVERSION = YES;
				CLANG_WARN_OBJC_LITERAL_CONVERSION = YES;
				CLANG_WARN_OBJC_ROOT_CLASS = YES_ERROR;
				CLANG_WARN_RANGE_LOOP_ANALYSIS = YES;
				CLANG_WARN_STRICT_PROTOTYPES = YES;
				CLANG_WARN_SUSPICIOUS_MOVE = YES;
				CLANG_WARN_UNGUARDED_AVAILABILITY = YES_AGGRESSIVE;
				CLANG_WARN_UNREACHABLE_CODE = YES;
				CLANG_WARN__DUPLICATE_METHOD_MATCH = YES;
				CODE_SIGN_IDENTITY = "iPhone Developer";
				COPY_PHASE_STRIP = NO;
				DEBUG_INFORMATION_FORMAT = "dwarf-with-dsym";
				ENABLE_NS_ASSERTIONS = NO;
				ENABLE_STRICT_OBJC_MSGSEND = YES;
				GCC_C_LANGUAGE_STANDARD = gnu11;
				GCC_NO_COMMON_BLOCKS = YES;
				GCC_WARN_64_TO_32_BIT_CONVERSION = YES;
				GCC_WARN_ABOUT_RETURN_TYPE = YES_ERROR;
				GCC_WARN_UNDECLARED_SELECTOR = YES;
				GCC_WARN_UNINITIALIZED_AUTOS = YES_AGGRESSIVE;
				GCC_WARN_UNUSED_FUNCTION = YES;
				GCC_WARN_UNUSED_VARIABLE = YES;
				IPHONEOS_DEPLOYMENT_TARGET = 11.0;
				MTL_ENABLE_DEBUG_INFO = NO;
				SDKROOT = iphoneos;
				SWIFT_OPTIMIZATION_LEVEL = "-Owholemodule";
				VALIDATE_PRODUCT = YES;
			};
			name = Release;
		};
		A18698A91F5966D30008EA83 /* Debug */ = {
			isa = XCBuildConfiguration;
			buildSettings = {
				ASSETCATALOG_COMPILER_APPICON_NAME = AppIcon;
				CODE_SIGN_STYLE = Automatic;
				DEVELOPMENT_TEAM = 3L7H8VVRDT;
				FRAMEWORK_SEARCH_PATHS = (
					"$(inherited)",
					"$(PROJECT_DIR)",
				);
				INFOPLIST_FILE = "daily-dose/Info.plist";
				LD_RUNPATH_SEARCH_PATHS = "$(inherited) @executable_path/Frameworks";
				PRODUCT_BUNDLE_IDENTIFIER = "com.andygreenough.daily-dose";
				PRODUCT_NAME = "$(TARGET_NAME)";
				SWIFT_VERSION = 4.0;
				TARGETED_DEVICE_FAMILY = "1,2";
			};
			name = Debug;
		};
		A18698AA1F5966D30008EA83 /* Release */ = {
			isa = XCBuildConfiguration;
			buildSettings = {
				ASSETCATALOG_COMPILER_APPICON_NAME = AppIcon;
				CODE_SIGN_STYLE = Automatic;
				DEVELOPMENT_TEAM = 3L7H8VVRDT;
				FRAMEWORK_SEARCH_PATHS = (
					"$(inherited)",
					"$(PROJECT_DIR)",
				);
				INFOPLIST_FILE = "daily-dose/Info.plist";
				LD_RUNPATH_SEARCH_PATHS = "$(inherited) @executable_path/Frameworks";
				PRODUCT_BUNDLE_IDENTIFIER = "com.andygreenough.daily-dose";
				PRODUCT_NAME = "$(TARGET_NAME)";
				SWIFT_VERSION = 4.0;
				TARGETED_DEVICE_FAMILY = "1,2";
			};
			name = Release;
		};
/* End XCBuildConfiguration section */

/* Begin XCConfigurationList section */
		A18698911F5966D30008EA83 /* Build configuration list for PBXProject "daily-dose" */ = {
			isa = XCConfigurationList;
			buildConfigurations = (
				A18698A61F5966D30008EA83 /* Debug */,
				A18698A71F5966D30008EA83 /* Release */,
			);
			defaultConfigurationIsVisible = 0;
			defaultConfigurationName = Release;
		};
		A18698A81F5966D30008EA83 /* Build configuration list for PBXNativeTarget "daily-dose" */ = {
			isa = XCConfigurationList;
			buildConfigurations = (
				A18698A91F5966D30008EA83 /* Debug */,
				A18698AA1F5966D30008EA83 /* Release */,
			);
			defaultConfigurationIsVisible = 0;
			defaultConfigurationName = Release;
		};
/* End XCConfigurationList section */
	};
	rootObject = A186988E1F5966D30008EA83 /* Project object */;
}
